{
  "name": "csslayer-demo",
  "version": "1.0.0",
  "lockfileVersion": 2,
  "requires": true,
  "packages": {
    "": {
      "name": "csslayer-demo",
      "version": "1.0.0",
      "license": "ISC",
      "dependencies": {
        "destyle.css": "^3.0.2"
      }
    },
    "node_modules/destyle.css": {
      "version": "3.0.2",
      "resolved": "https://registry.npmjs.org/destyle.css/-/destyle.css-3.0.2.tgz",
      "integrity": "sha512-OUzuAlridP01YP0seHxx+FgwhdXF07Ls9NxnJpR8EI7ADioswoR7VKkBd/s1hNw/G4ILasLSA0k2Kw1M57r1kA=="
    }
  },
  "dependencies": {
    "destyle.css": {
      "version": "3.0.2",
      "resolved": "https://registry.npmjs.org/destyle.css/-/destyle.css-3.0.2.tgz",
      "integrity": "sha512-OUzuAlridP01YP0seHxx+FgwhdXF07Ls9NxnJpR8EI7ADioswoR7VKkBd/s1hNw/G4ILasLSA0k2Kw1M57r1kA=="
    }
  }
}
